version = 1
revision = 3
requires-python = "==3.12.*"

[[package]]
name = "aipg-openvino-utils"
version = "1.0.0"
source = { virtual = "." }
dependencies = [
    { name = "openvino" },
]

[package.metadata]
requires-dist = [{ name = "openvino" }]

[[package]]
name = "numpy"
version = "2.5.2"
source = { registry = "https://pypi.org/simple" }
sdist = { url = "https://files.pythonhosted.org/packages/9a/80/db0b4559e57ec36362bedbb05530a87fafbcb6067708c946967a41d449e7/numpy-2.5.2.tar.gz", hash = "sha256:d482d171c406ae88c5b19cad3b6a1c4c5209f886ab74bc44c2c865c23f52d860", size = 20773161, upload-time = "2026-08-09T13:48:27.962Z" }
wheels = [
    { url = "https://files.pythonhosted.org/packages/69/72/dccb0aaf40972777283303919f613964227266d0c13adebb79ac124f1c3e/numpy-2.5.2-cp312-cp312-macosx_10_13_x86_64.whl", hash = "sha256:14e373cfc6387177e8409dac3c7159be8eb05cd77096cd7c950268b86f62831c", size = 16891693, upload-time = "2026-08-09T13:44:51.702Z" },
    { url = "https://files.pythonhosted.org/packages/60/2e/b5aee50a1f74ac815cf8331812cb8251e29024025de462e0c047641c614c/numpy-2.5.2-cp312-cp312-macosx_11_0_arm64.whl", hash = "sha256:4bbd96c833ecc8cc069ce518078fc8c60cb9cbfb0fea5b7a803ad65035596d03", size = 11903109, upload-time = "2026-08-09T13:44:55.501Z" },
    { url = "https://files.pythonhosted.org/packages/f3/f4/29e78102a80601cf034d4e9767022cffeca2c3b4c926e1754572ca95593d/numpy-2.5.2-cp312-cp312-macosx_14_0_arm64.whl", hash = "sha256:6e8172ddfcf5cf74b811d372b570b83c60bd2de87a6fbfbebdadb4a9bd9c6cbb", size = 5350202, upload-time = "2026-08-09T13:44:58.401Z" },
    { url = "https://files.pythonhosted.org/packages/11/4b/dcd3b7eadaf4035d2c7a4289d232523a6964f602598ef7674e4bd7291f93/numpy-2.5.2-cp312-cp312-macosx_14_0_x86_64.whl", hash = "sha256:65f188481f1669e26f62b701e8205d19e460fa4a9b52a1414ba382330e4a3414", size = 6687736, upload-time = "2026-08-09T13:45:00.813Z" },
    { url = "https://files.pythonhosted.org/packages/e5/21/4947e0e9d6c9fc2e2ff15b8949049ee44f63adb9cacc729ab8793f97e712/numpy-2.5.2-cp312-cp312-manylinux_2_27_aarch64.manylinux_2_28_aarch64.whl", hash = "sha256:8ee9c4eeb8454b3660a8b53493563c3e121c2fc94fbd72b848ef814ed7b676a9", size = 15612696, upload-time = "2026-08-09T13:45:04.151Z" },
    { url = "https://files.pythonhosted.org/packages/3a/5f/62d28cf019460c7f1394105b4d49d9911a9c444cb77ab0bd95a204c5a6de/numpy-2.5.2-cp312-cp312-manylinux_2_27_x86_64.manylinux_2_28_x86_64.whl", hash = "sha256:3cdec01fa790a186d430433fdd4d4ffb70eed6f0eeb4bf05c8dbe2dce0a9bcb8", size = 16722264, upload-time = "2026-08-09T13:45:07.714Z" },
    { url = "https://files.pythonhosted.org/packages/14/25/3f0be4c1b9fdf5dd5e708a6806978564d7c46a055c000496309ff2a2f8af/numpy-2.5.2-cp312-cp312-musllinux_1_2_aarch64.whl", hash = "sha256:7999d4ddb0c4025018373fd787510d46e04c769467af22869707b3c1cfd459ab", size = 16974396, upload-time = "2026-08-09T13:45:11.316Z" },
    { url = "https://files.pythonhosted.org/packages/22/72/6262cbdeeb45da9d971e40715f579d791603ba8ec0b5e2db1ac55454421d/numpy-2.5.2-cp312-cp312-musllinux_1_2_x86_64.whl", hash = "sha256:c1f017dc0875c9209d219f97feceb7d54c2661bb243deb4114478e1295808af7", size = 18476044, upload-time = "2026-08-09T13:45:14.869Z" },
    { url = "https://files.pythonhosted.org/packages/36/33/29208b8b075bde62d26a81d14b358c42b0f69b6cabd98d4ff97f37f22b05/numpy-2.5.2-cp312-cp312-win32.whl", hash = "sha256:d6a48072864e3324e194a8fbb3c657bcc5b5c869dbc64c9537b1d5c862572c0a", size = 6072817, upload-time = "2026-08-09T13:45:17.867Z" },
    { url = "https://files.pythonhosted.org/packages/7f/b9/87fea2769fe1c47c1b5b01d8310772c9d1a85d485de7cf386ef7a3332b02/numpy-2.5.2-cp312-cp312-win_amd64.whl", hash = "sha256:28ac63476ec7651484215ee7fa15a1f78b57c14621f01e392afe17b9a1390ce4", size = 12464674, upload-time = "2026-08-09T13:45:20.734Z" },
    { url = "https://files.pythonhosted.org/packages/14/52/032b97e00461ab0809bbe4c588b035620e5a14b8cdee47ecddefc7b17d33/numpy-2.5.2-cp312-cp312-win_arm64.whl", hash = "sha256:27650bb0e7140fa3d37b9923b4803645e0b125d190f326eecfd3f4dad8e8ade1", size = 10397131, upload-time = "2026-08-09T13:45:23.73Z" },
]

[[package]]
name = "openvino"
version = "2026.3.1"
source = { registry = "https://pypi.org/simple" }
dependencies = [
    { name = "numpy" },
    { name = "openvino-telemetry" },
]
wheels = [
    { url = "https://files.pythonhosted.org/packages/83/f1/21f1503b5d4a6671730d75e4d0006e9483dfd21ed9899b1ea956a1e683b8/openvino-2026.3.1-22476-cp312-cp312-macosx_11_0_arm64.whl", hash = "sha256:3b23fc1669e63b22bdeb3f7cbfcd59b6d6e39ede6e68310ab74a8aaaf3912e70", size = 31612248, upload-time = "2026-08-26T09:17:23.804Z" },
    { url = "https://files.pythonhosted.org/packages/37/91/bb4cee4b1cbc244d6090fdb7625a0b3e1fe4f368bd2075bff67455451fbe/openvino-2026.3.1-22476-cp312-cp312-manylinux_2_28_x86_64.whl", hash = "sha256:40bf3724ec70bce0fce4f9547cd1f19a576ef299172ce4ce2552249d10064acc", size = 57510470, upload-time = "2026-08-26T09:17:27.775Z" },
    { url = "https://files.pythonhosted.org/packages/88/c1/4291be34f2677af39933516356d805177effcd7457bf5cf99d289ecbb849/openvino-2026.3.1-22476-cp312-cp312-manylinux_2_35_aarch64.whl", hash = "sha256:e6b78918aef61ee4650bd6bbd6b17e5b8cd90f55f145adff5d7f6def907f33be", size = 28778134, upload-time = "2026-08-26T09:17:30.917Z" },
    { url = "https://files.pythonhosted.org/packages/27/79/77c474c3d8600185792bcb830638198ff3d15fe702028902bd07f4581026/openvino-2026.3.1-22476-cp312-cp312-win_amd64.whl", hash = "sha256:b686302a47abf7c87b48cb265b3a894f787a1b6380f4ab9f5a511de838ba3c64", size = 75818370, upload-time = "2026-08-26T09:17:35.803Z" },
]

[[package]]
name = "openvino-telemetry"
version = "2025.2.0"
source = { registry = "https://pypi.org/simple" }
sdist = { url = "https://files.pythonhosted.org/packages/71/8a/89d82f1a9d913fb266c2e6dc2f6030935db24b7152963a8db6c4f039787f/openvino_telemetry-2025.2.0.tar.gz", hash = "sha256:8bf8127218e51e99547bf38b8fb85a8b31c9bf96e6f3a82eb0b3b6a34155977c", size = 18894, upload-time = "2025-07-07T10:29:51.159Z" }
wheels = [
    { url = "https://files.pythonhosted.org/packages/3b/ac/5ab0ca0aa269ad3c73f7bfc3801b10e5f56f75a31bf68c1ae8bd51cf70a4/openvino_telemetry-2025.2.0-py3-none-any.whl", hash = "sha256:bcb667e83a44f202ecf4cfa49281715c6d7e21499daec04ff853b7f964833599", size = 25227, upload-time = "2025-07-07T10:29:50.189Z" },
]
